
Microsoft Visual Studio Solution File, Format Version 12.00
# Visual Studio Version 16
VisualStudioVersion = 16.0.32126.315
MinimumVisualStudioVersion = 10.0.40219.1
Project("{FAE04EC0-301F-11D3-BF4B-00C04F79EFBC}") = "CMS", "CMS\CMS.csproj", "{4E2A5726-12BF-45A6-8DD2-C135939F0B81}"
EndProject
Global
	GlobalSection(SolutionConfigurationPlatforms) = preSolution
		Debug|Any CPU = Debug|Any CPU
		Release|Any CPU = Release|Any CPU
	EndGlobalSection
	GlobalSection(ProjectConfigurationPlatforms) = postSolution
		{4E2A5726-12BF-45A6-8DD2-C135939F0B81}.Debug|Any CPU.ActiveCfg = Debug|Any CPU
		{4E2A5726-12BF-45A6-8DD2-C135939F0B81}.Debug|Any CPU.Build.0 = Debug|Any CPU
		{4E2A5726-12BF-45A6-8DD2-C135939F0B81}.Release|Any CPU.ActiveCfg = Release|Any CPU
		{4E2A5726-12BF-45A6-8DD2-C135939F0B81}.Release|Any CPU.Build.0 = Release|Any CPU
	EndGlobalSection
	GlobalSection(SolutionProperties) = preSolution
		HideSolutionNode = FALSE
	EndGlobalSection
	GlobalSection(ExtensibilityGlobals) = postSolution
		SolutionGuid = {3002DAA1-08FF-4ED3-846A-613360E8B08B}
	EndGlobalSection
EndGlobal
